
Microsoft Visual Studio Solution File, Format Version 12.00
# Visual Studio 15
Project("{FAE04EC0-301F-11D3-BF4B-00C04F79EFBC}") = "AstarPathfindingProject", "AstarPathfindingProject.csproj", "{69FEC0FD-28F0-8257-117B-D050DD40E411}"
EndProject
Project("{FAE04EC0-301F-11D3-BF4B-00C04F79EFBC}") = "Assembly-CSharp", "Assembly-CSharp.csproj", "{EC94FE46-E553-5B2A-AF16-5A5FD744D828}"
EndProject
Project("{FAE04EC0-301F-11D3-BF4B-00C04F79EFBC}") = "AstarPathfindingProjectEditor", "AstarPathfindingProjectEditor.csproj", "{EE493037-E8B8-691E-69A3-E1EA8978588E}"
EndProject
Project("{FAE04EC0-301F-11D3-BF4B-00C04F79EFBC}") = "PackageToolsEditor", "PackageToolsEditor.csproj", "{23F997CF-2B6E-E194-22E9-D1D1F81971BA}"
EndProject
Global
	GlobalSection(SolutionConfigurationPlatforms) = preSolution
		Debug|Any CPU = Debug|Any CPU
		Release|Any CPU = Release|Any CPU
	EndGlobalSection
	GlobalSection(ProjectConfigurationPlatforms) = postSolution
		{69FEC0FD-28F0-8257-117B-D050DD40E411}.Debug|Any CPU.ActiveCfg = Debug|Any CPU
		{69FEC0FD-28F0-8257-117B-D050DD40E411}.Debug|Any CPU.Build.0 = Debug|Any CPU
		{69FEC0FD-28F0-8257-117B-D050DD40E411}.Release|Any CPU.ActiveCfg = Release|Any CPU
		{69FEC0FD-28F0-8257-117B-D050DD40E411}.Release|Any CPU.Build.0 = Release|Any CPU
		{EC94FE46-E553-5B2A-AF16-5A5FD744D828}.Debug|Any CPU.ActiveCfg = Debug|Any CPU
		{EC94FE46-E553-5B2A-AF16-5A5FD744D828}.Debug|Any CPU.Build.0 = Debug|Any CPU
		{EC94FE46-E553-5B2A-AF16-5A5FD744D828}.Release|Any CPU.ActiveCfg = Release|Any CPU
		{EC94FE46-E553-5B2A-AF16-5A5FD744D828}.Release|Any CPU.Build.0 = Release|Any CPU
		{EE493037-E8B8-691E-69A3-E1EA8978588E}.Debug|Any CPU.ActiveCfg = Debug|Any CPU
		{EE493037-E8B8-691E-69A3-E1EA8978588E}.Debug|Any CPU.Build.0 = Debug|Any CPU
		{EE493037-E8B8-691E-69A3-E1EA8978588E}.Release|Any CPU.ActiveCfg = Release|Any CPU
		{EE493037-E8B8-691E-69A3-E1EA8978588E}.Release|Any CPU.Build.0 = Release|Any CPU
		{23F997CF-2B6E-E194-22E9-D1D1F81971BA}.Debug|Any CPU.ActiveCfg = Debug|Any CPU
		{23F997CF-2B6E-E194-22E9-D1D1F81971BA}.Debug|Any CPU.Build.0 = Debug|Any CPU
		{23F997CF-2B6E-E194-22E9-D1D1F81971BA}.Release|Any CPU.ActiveCfg = Release|Any CPU
		{23F997CF-2B6E-E194-22E9-D1D1F81971BA}.Release|Any CPU.Build.0 = Release|Any CPU
	EndGlobalSection
	GlobalSection(SolutionProperties) = preSolution
		HideSolutionNode = FALSE
	EndGlobalSection
EndGlobal
